// !$*UTF8*$!
{
	archiveVersion = 1;
	classes = {
	};
	objectVersion = 50;
	objects = {

/* Begin PBXBuildFile section */
		4690E51225F3EC010070ABCB /* AppDelegate.swift in Sources */ = {isa = PBXBuildFile; fileRef = 4690E51125F3EC010070ABCB /* AppDelegate.swift */; };
		4690E51425F3EC010070ABCB /* SceneDelegate.swift in Sources */ = {isa = PBXBuildFile; fileRef = 4690E51325F3EC010070ABCB /* SceneDelegate.swift */; };
		4690E51625F3EC010070ABCB /* MovieCatalogViewController.swift in Sources */ = {isa = PBXBuildFile; fileRef = 4690E51525F3EC010070ABCB /* MovieCatalogViewController.swift */; };
		4690E51B25F3EC010070ABCB /* Assets.xcassets in Resources */ = {isa = PBXBuildFile; fileRef = 4690E51A25F3EC010070ABCB /* Assets.xcassets */; };
		4690E51E25F3EC010070ABCB /* LaunchScreen.storyboard in Resources */ = {isa = PBXBuildFile; fileRef = 4690E51C25F3EC010070ABCB /* LaunchScreen.storyboard */; };
		4690E52F25F404650070ABCB /* MovieCategorieTableViewCell.swift in Sources */ = {isa = PBXBuildFile; fileRef = 4690E52E25F404650070ABCB /* MovieCategorieTableViewCell.swift */; };
		4690E53225F4D2B10070ABCB /* MovieCollectionViewCell.swift in Sources */ = {isa = PBXBuildFile; fileRef = 4690E53125F4D2B10070ABCB /* MovieCollectionViewCell.swift */; };
		4690E53F25F56CAA0070ABCB /* MovieCatalogViewModel.swift in Sources */ = {isa = PBXBuildFile; fileRef = 4690E53E25F56CAA0070ABCB /* MovieCatalogViewModel.swift */; };
		4690E54425F56ECE0070ABCB /* tmdbAPI.swift in Sources */ = {isa = PBXBuildFile; fileRef = 4690E54325F56ECE0070ABCB /* tmdbAPI.swift */; };
		4690E54825F570E60070ABCB /* AppConstants.swift in Sources */ = {isa = PBXBuildFile; fileRef = 4690E54725F570E60070ABCB /* AppConstants.swift */; };
/* End PBXBuildFile section */

/* Begin PBXFileReference section */
		4690E50E25F3EC010070ABCB /* NetflixClone.app */ = {isa = PBXFileReference; explicitFileType = wrapper.application; includeInIndex = 0; path = NetflixClone.app; sourceTree = BUILT_PRODUCTS_DIR; };
		4690E51125F3EC010070ABCB /* AppDelegate.swift */ = {isa = PBXFileReference; lastKnownFileType = sourcecode.swift; path = AppDelegate.swift; sourceTree = "<group>"; };
		4690E51325F3EC010070ABCB /* SceneDelegate.swift */ = {isa = PBXFileReference; lastKnownFileType = sourcecode.swift; path = SceneDelegate.swift; sourceTree = "<group>"; };
		4690E51525F3EC010070ABCB /* MovieCatalogViewController.swift */ = {isa = PBXFileReference; lastKnownFileType = sourcecode.swift; path = MovieCatalogViewController.swift; sourceTree = "<group>"; };
		4690E51A25F3EC010070ABCB /* Assets.xcassets */ = {isa = PBXFileReference; lastKnownFileType = folder.assetcatalog; path = Assets.xcassets; sourceTree = "<group>"; };
		4690E51D25F3EC010070ABCB /* Base */ = {isa = PBXFileReference; lastKnownFileType = file.storyboard; name = Base; path = Base.lproj/LaunchScreen.storyboard; sourceTree = "<group>"; };
		4690E51F25F3EC010070ABCB /* Info.plist */ = {isa = PBXFileReference; lastKnownFileType = text.plist.xml; path = Info.plist; sourceTree = "<group>"; };
		4690E52E25F404650070ABCB /* MovieCategorieTableViewCell.swift */ = {isa = PBXFileReference; lastKnownFileType = sourcecode.swift; path = MovieCategorieTableViewCell.swift; sourceTree = "<group>"; };
		4690E53125F4D2B10070ABCB /* MovieCollectionViewCell.swift */ = {isa = PBXFileReference; lastKnownFileType = sourcecode.swift; path = MovieCollectionViewCell.swift; sourceTree = "<group>"; };
		4690E53E25F56CAA0070ABCB /* MovieCatalogViewModel.swift */ = {isa = PBXFileReference; lastKnownFileType = sourcecode.swift; path = MovieCatalogViewModel.swift; sourceTree = "<group>"; };
		4690E54325F56ECE0070ABCB /* tmdbAPI.swift */ = {isa = PBXFileReference; lastKnownFileType = sourcecode.swift; path = tmdbAPI.swift; sourceTree = "<group>"; };
		4690E54725F570E60070ABCB /* AppConstants.swift */ = {isa = PBXFileReference; lastKnownFileType = sourcecode.swift; path = AppConstants.swift; sourceTree = "<group>"; };
/* End PBXFileReference section */

/* Begin PBXFrameworksBuildPhase section */
		4690E50B25F3EC010070ABCB /* Frameworks */ = {
			isa = PBXFrameworksBuildPhase;
			buildActionMask = 2147483647;
			files = (
			);
			runOnlyForDeploymentPostprocessing = 0;
		};
/* End PBXFrameworksBuildPhase section */

/* Begin PBXGroup section */
		4690E50525F3EC010070ABCB = {
			isa = PBXGroup;
			children = (
				4690E51025F3EC010070ABCB /* NetflixClone */,
				4690E50F25F3EC010070ABCB /* Products */,
			);
			sourceTree = "<group>";
		};
		4690E50F25F3EC010070ABCB /* Products */ = {
			isa = PBXGroup;
			children = (
				4690E50E25F3EC010070ABCB /* NetflixClone.app */,
			);
			name = Products;
			sourceTree = "<group>";
		};
		4690E51025F3EC010070ABCB /* NetflixClone */ = {
			isa = PBXGroup;
			children = (
				4690E52C25F400FB0070ABCB /* Model */,
				4690E52925F3FEC50070ABCB /* Modules */,
				4690E54225F56E9E0070ABCB /* Utilities */,
				4690E51125F3EC010070ABCB /* AppDelegate.swift */,
				4690E51325F3EC010070ABCB /* SceneDelegate.swift */,
				4690E51A25F3EC010070ABCB /* Assets.xcassets */,
				4690E51C25F3EC010070ABCB /* LaunchScreen.storyboard */,
				4690E51F25F3EC010070ABCB /* Info.plist */,
			);
			path = NetflixClone;
			sourceTree = "<group>";
		};
		4690E52925F3FEC50070ABCB /* Modules */ = {
			isa = PBXGroup;
			children = (
				4690E52A25F3FED90070ABCB /* MovieCatalog */,
			);
			path = Modules;
			sourceTree = "<group>";
		};
		4690E52A25F3FED90070ABCB /* MovieCatalog */ = {
			isa = PBXGroup;
			children = (
				4690E53C25F56C7B0070ABCB /* Controller */,
				4690E52D25F404190070ABCB /* View */,
				4690E53D25F56C8A0070ABCB /* ViewModel */,
			);
			path = MovieCatalog;
			sourceTree = "<group>";
		};
		4690E52C25F400FB0070ABCB /* Model */ = {
			isa = PBXGroup;
			children = (
			);
			path = Model;
			sourceTree = "<group>";
		};
		4690E52D25F404190070ABCB /* View */ = {
			isa = PBXGroup;
			children = (
				4690E52E25F404650070ABCB /* MovieCategorieTableViewCell.swift */,
				4690E53125F4D2B10070ABCB /* MovieCollectionViewCell.swift */,
			);
			path = View;
			sourceTree = "<group>";
		};
		4690E53C25F56C7B0070ABCB /* Controller */ = {
			isa = PBXGroup;
			children = (
				4690E51525F3EC010070ABCB /* MovieCatalogViewController.swift */,
			);
			path = Controller;
			sourceTree = "<group>";
		};
		4690E53D25F56C8A0070ABCB /* ViewModel */ = {
			isa = PBXGroup;
			children = (
				4690E53E25F56CAA0070ABCB /* MovieCatalogViewModel.swift */,
			);
			path = ViewModel;
			sourceTree = "<group>";
		};
		4690E54225F56E9E0070ABCB /* Utilities */ = {
			isa = PBXGroup;
			children = (
				4690E54325F56ECE0070ABCB /* tmdbAPI.swift */,
				4690E54725F570E60070ABCB /* AppConstants.swift */,
			);
			path = Utilities;
			sourceTree = "<group>";
		};
/* End PBXGroup section */

/* Begin PBXNativeTarget section */
		4690E50D25F3EC010070ABCB /* NetflixClone */ = {
			isa = PBXNativeTarget;
			buildConfigurationList = 4690E52225F3EC010070ABCB /* Build configuration list for PBXNativeTarget "NetflixClone" */;
			buildPhases = (
				4690E50A25F3EC010070ABCB /* Sources */,
				4690E50B25F3EC010070ABCB /* Frameworks */,
				4690E50C25F3EC010070ABCB /* Resources */,
			);
			buildRules = (
			);
			dependencies = (
			);
			name = NetflixClone;
			productName = NetflixClone;
			productReference = 4690E50E25F3EC010070ABCB /* NetflixClone.app */;
			productType = "com.apple.product-type.application";
		};
/* End PBXNativeTarget section */

/* Begin PBXProject section */
		4690E50625F3EC010070ABCB /* Project object */ = {
			isa = PBXProject;
			attributes = {
				LastSwiftUpdateCheck = 1240;
				LastUpgradeCheck = 1240;
				TargetAttributes = {
					4690E50D25F3EC010070ABCB = {
						CreatedOnToolsVersion = 12.4;
					};
				};
			};
			buildConfigurationList = 4690E50925F3EC010070ABCB /* Build configuration list for PBXProject "NetflixClone" */;
			compatibilityVersion = "Xcode 9.3";
			developmentRegion = en;
			hasScannedForEncodings = 0;
			knownRegions = (
				en,
				Base,
			);
			mainGroup = 4690E50525F3EC010070ABCB;
			productRefGroup = 4690E50F25F3EC010070ABCB /* Products */;
			projectDirPath = "";
			projectRoot = "";
			targets = (
				4690E50D25F3EC010070ABCB /* NetflixClone */,
			);
		};
/* End PBXProject section */

/* Begin PBXResourcesBuildPhase section */
		4690E50C25F3EC010070ABCB /* Resources */ = {
			isa = PBXResourcesBuildPhase;
			buildActionMask = 2147483647;
			files = (
				4690E51E25F3EC010070ABCB /* LaunchScreen.storyboard in Resources */,
				4690E51B25F3EC010070ABCB /* Assets.xcassets in Resources */,
			);
			runOnlyForDeploymentPostprocessing = 0;
		};
/* End PBXResourcesBuildPhase section */

/* Begin PBXSourcesBuildPhase section */
		4690E50A25F3EC010070ABCB /* Sources */ = {
			isa = PBXSourcesBuildPhase;
			buildActionMask = 2147483647;
			files = (
				4690E51625F3EC010070ABCB /* MovieCatalogViewController.swift in Sources */,
				4690E51225F3EC010070ABCB /* AppDelegate.swift in Sources */,
				4690E53225F4D2B10070ABCB /* MovieCollectionViewCell.swift in Sources */,
				4690E54825F570E60070ABCB /* AppConstants.swift in Sources */,
				4690E54425F56ECE0070ABCB /* tmdbAPI.swift in Sources */,
				4690E53F25F56CAA0070ABCB /* MovieCatalogViewModel.swift in Sources */,
				4690E52F25F404650070ABCB /* MovieCategorieTableViewCell.swift in Sources */,
				4690E51425F3EC010070ABCB /* SceneDelegate.swift in Sources */,
			);
			runOnlyForDeploymentPostprocessing = 0;
		};
/* End PBXSourcesBuildPhase section */

/* Begin PBXVariantGroup section */
		4690E51C25F3EC010070ABCB /* LaunchScreen.storyboard */ = {
			isa = PBXVariantGroup;
			children = (
				4690E51D25F3EC010070ABCB /* Base */,
			);
			name = LaunchScreen.storyboard;
			sourceTree = "<group>";
		};
/* End PBXVariantGroup section */

/* Begin XCBuildConfiguration section */
		4690E52025F3EC010070ABCB /* Debug */ = {
			isa = XCBuildConfiguration;
			buildSettings = {
				ALWAYS_SEARCH_USER_PATHS = NO;
				CLANG_ANALYZER_NONNULL = YES;
				CLANG_ANALYZER_NUMBER_OBJECT_CONVERSION = YES_AGGRESSIVE;
				CLANG_CXX_LANGUAGE_STANDARD = "gnu++14";
				CLANG_CXX_LIBRARY = "libc++";
				CLANG_ENABLE_MODULES = YES;
				CLANG_ENABLE_OBJC_ARC = YES;
				CLANG_ENABLE_OBJC_WEAK = YES;
				CLANG_WARN_BLOCK_CAPTURE_AUTORELEASING = YES;
				CLANG_WARN_BOOL_CONVERSION = YES;
				CLANG_WARN_COMMA = YES;
				CLANG_WARN_CONSTANT_CONVERSION = YES;
				CLANG_WARN_DEPRECATED_OBJC_IMPLEMENTATIONS = YES;
				CLANG_WARN_DIRECT_OBJC_ISA_USAGE = YES_ERROR;
				CLANG_WARN_DOCUMENTATION_COMMENTS = YES;
				CLANG_WARN_EMPTY_BODY = YES;
				CLANG_WARN_ENUM_CONVERSION = YES;
				CLANG_WARN_INFINITE_RECURSION = YES;
				CLANG_WARN_INT_CONVERSION = YES;
				CLANG_WARN_NON_LITERAL_NULL_CONVERSION = YES;
				CLANG_WARN_OBJC_IMPLICIT_RETAIN_SELF = YES;
				CLANG_WARN_OBJC_LITERAL_CONVERSION = YES;
				CLANG_WARN_OBJC_ROOT_CLASS = YES_ERROR;
				CLANG_WARN_QUOTED_INCLUDE_IN_FRAMEWORK_HEADER = YES;
				CLANG_WARN_RANGE_LOOP_ANALYSIS = YES;
				CLANG_WARN_STRICT_PROTOTYPES = YES;
				CLANG_WARN_SUSPICIOUS_MOVE = YES;
				CLANG_WARN_UNGUARDED_AVAILABILITY = YES_AGGRESSIVE;
				CLANG_WARN_UNREACHABLE_CODE = YES;
				CLANG_WARN__DUPLICATE_METHOD_MATCH = YES;
				COPY_PHASE_STRIP = NO;
				DEBUG_INFORMATION_FORMAT = dwarf;
				ENABLE_STRICT_OBJC_MSGSEND = YES;
				ENABLE_TESTABILITY = YES;
				GCC_C_LANGUAGE_STANDARD = gnu11;
				GCC_DYNAMIC_NO_PIC = NO;
				GCC_NO_COMMON_BLOCKS = YES;
				GCC_OPTIMIZATION_LEVEL = 0;
				GCC_PREPROCESSOR_DEFINITIONS = (
					"DEBUG=1",
					"$(inherited)",
				);
				GCC_WARN_64_TO_32_BIT_CONVERSION = YES;
				GCC_WARN_ABOUT_RETURN_TYPE = YES_ERROR;
				GCC_WARN_UNDECLARED_SELECTOR = YES;
				GCC_WARN_UNINITIALIZED_AUTOS = YES_AGGRESSIVE;
				GCC_WARN_UNUSED_FUNCTION = YES;
				GCC_WARN_UNUSED_VARIABLE = YES;
				IPHONEOS_DEPLOYMENT_TARGET = 14.4;
				MTL_ENABLE_DEBUG_INFO = INCLUDE_SOURCE;
				MTL_FAST_MATH = YES;
				ONLY_ACTIVE_ARCH = YES;
				SDKROOT = iphoneos;
				SWIFT_ACTIVE_COMPILATION_CONDITIONS = DEBUG;
				SWIFT_OPTIMIZATION_LEVEL = "-Onone";
			};
			name = Debug;
		};
		4690E52125F3EC010070ABCB /* Release */ = {
			isa = XCBuildConfiguration;
			buildSettings = {
				ALWAYS_SEARCH_USER_PATHS = NO;
				CLANG_ANALYZER_NONNULL = YES;
				CLANG_ANALYZER_NUMBER_OBJECT_CONVERSION = YES_AGGRESSIVE;
				CLANG_CXX_LANGUAGE_STANDARD = "gnu++14";
				CLANG_CXX_LIBRARY = "libc++";
				CLANG_ENABLE_MODULES = YES;
				CLANG_ENABLE_OBJC_ARC = YES;
				CLANG_ENABLE_OBJC_WEAK = YES;
				CLANG_WARN_BLOCK_CAPTURE_AUTORELEASING = YES;
				CLANG_WARN_BOOL_CONVERSION = YES;
				CLANG_WARN_COMMA = YES;
				CLANG_WARN_CONSTANT_CONVERSION = YES;
				CLANG_WARN_DEPRECATED_OBJC_IMPLEMENTATIONS = YES;
				CLANG_WARN_DIRECT_OBJC_ISA_USAGE = YES_ERROR;
				CLANG_WARN_DOCUMENTATION_COMMENTS = YES;
				CLANG_WARN_EMPTY_BODY = YES;
				CLANG_WARN_ENUM_CONVERSION = YES;
				CLANG_WARN_INFINITE_RECURSION = YES;
				CLANG_WARN_INT_CONVERSION = YES;
				CLANG_WARN_NON_LITERAL_NULL_CONVERSION = YES;
				CLANG_WARN_OBJC_IMPLICIT_RETAIN_SELF = YES;
				CLANG_WARN_OBJC_LITERAL_CONVERSION = YES;
				CLANG_WARN_OBJC_ROOT_CLASS = YES_ERROR;
				CLANG_WARN_QUOTED_INCLUDE_IN_FRAMEWORK_HEADER = YES;
				CLANG_WARN_RANGE_LOOP_ANALYSIS = YES;
				CLANG_WARN_STRICT_PROTOTYPES = YES;
				CLANG_WARN_SUSPICIOUS_MOVE = YES;
				CLANG_WARN_UNGUARDED_AVAILABILITY = YES_AGGRESSIVE;
				CLANG_WARN_UNREACHABLE_CODE = YES;
				CLANG_WARN__DUPLICATE_METHOD_MATCH = YES;
				COPY_PHASE_STRIP = NO;
				DEBUG_INFORMATION_FORMAT = "dwarf-with-dsym";
				ENABLE_NS_ASSERTIONS = NO;
				ENABLE_STRICT_OBJC_MSGSEND = YES;
				GCC_C_LANGUAGE_STANDARD = gnu11;
				GCC_NO_COMMON_BLOCKS = YES;
				GCC_WARN_64_TO_32_BIT_CONVERSION = YES;
				GCC_WARN_ABOUT_RETURN_TYPE = YES_ERROR;
				GCC_WARN_UNDECLARED_SELECTOR = YES;
				GCC_WARN_UNINITIALIZED_AUTOS = YES_AGGRESSIVE;
				GCC_WARN_UNUSED_FUNCTION = YES;
				GCC_WARN_UNUSED_VARIABLE = YES;
				IPHONEOS_DEPLOYMENT_TARGET = 14.4;
				MTL_ENABLE_DEBUG_INFO = NO;
				MTL_FAST_MATH = YES;
				SDKROOT = iphoneos;
				SWIFT_COMPILATION_MODE = wholemodule;
				SWIFT_OPTIMIZATION_LEVEL = "-O";
				VALIDATE_PRODUCT = YES;
			};
			name = Release;
		};
		4690E52325F3EC010070ABCB /* Debug */ = {
			isa = XCBuildConfiguration;
			buildSettings = {
				ASSETCATALOG_COMPILER_APPICON_NAME = AppIcon;
				ASSETCATALOG_COMPILER_GLOBAL_ACCENT_COLOR_NAME = AccentColor;
				CODE_SIGN_STYLE = Automatic;
				DEVELOPMENT_TEAM = 5G8R9XCSYX;
				INFOPLIST_FILE = NetflixClone/Info.plist;
				IPHONEOS_DEPLOYMENT_TARGET = 13.0;
				LD_RUNPATH_SEARCH_PATHS = (
					"$(inherited)",
					"@executable_path/Frameworks",
				);
				PRODUCT_BUNDLE_IDENTIFIER = com.revangelista.NetflixClone;
				PRODUCT_NAME = "$(TARGET_NAME)";
				SWIFT_VERSION = 5.0;
				TARGETED_DEVICE_FAMILY = "1,2";
			};
			name = Debug;
		};
		4690E52425F3EC010070ABCB /* Release */ = {
			isa = XCBuildConfiguration;
			buildSettings = {
				ASSETCATALOG_COMPILER_APPICON_NAME = AppIcon;
				ASSETCATALOG_COMPILER_GLOBAL_ACCENT_COLOR_NAME = AccentColor;
				CODE_SIGN_STYLE = Automatic;
				DEVELOPMENT_TEAM = 5G8R9XCSYX;
				INFOPLIST_FILE = NetflixClone/Info.plist;
				IPHONEOS_DEPLOYMENT_TARGET = 13.0;
				LD_RUNPATH_SEARCH_PATHS = (
					"$(inherited)",
					"@executable_path/Frameworks",
				);
				PRODUCT_BUNDLE_IDENTIFIER = com.revangelista.NetflixClone;
				PRODUCT_NAME = "$(TARGET_NAME)";
				SWIFT_VERSION = 5.0;
				TARGETED_DEVICE_FAMILY = "1,2";
			};
			name = Release;
		};
/* End XCBuildConfiguration section */

/* Begin XCConfigurationList section */
		4690E50925F3EC010070ABCB /* Build configuration list for PBXProject "NetflixClone" */ = {
			isa = XCConfigurationList;
			buildConfigurations = (
				4690E52025F3EC010070ABCB /* Debug */,
				4690E52125F3EC010070ABCB /* Release */,
			);
			defaultConfigurationIsVisible = 0;
			defaultConfigurationName = Release;
		};
		4690E52225F3EC010070ABCB /* Build configuration list for PBXNativeTarget "NetflixClone" */ = {
			isa = XCConfigurationList;
			buildConfigurations = (
				4690E52325F3EC010070ABCB /* Debug */,
				4690E52425F3EC010070ABCB /* Release */,
			);
			defaultConfigurationIsVisible = 0;
			defaultConfigurationName = Release;
		};
/* End XCConfigurationList section */
	};
	rootObject = 4690E50625F3EC010070ABCB /* Project object */;
}
